
Microsoft Visual Studio Solution File, Format Version 12.00
# Visual Studio 15
VisualStudioVersion = 15.0.27703.2035
MinimumVisualStudioVersion = 10.0.40219.1
Project("{FAE04EC0-301F-11D3-BF4B-00C04F79EFBC}") = "RPSLS", "RPSLS\RPSLS.csproj", "{7DE971D9-ECA3-442B-BE92-AAB2E0271AD9}"
EndProject
Global
	GlobalSection(SolutionConfigurationPlatforms) = preSolution
		Debug|Any CPU = Debug|Any CPU
		Release|Any CPU = Release|Any CPU
	EndGlobalSection
	GlobalSection(ProjectConfigurationPlatforms) = postSolution
		{7DE971D9-ECA3-442B-BE92-AAB2E0271AD9}.Debug|Any CPU.ActiveCfg = Debug|Any CPU
		{7DE971D9-ECA3-442B-BE92-AAB2E0271AD9}.Debug|Any CPU.Build.0 = Debug|Any CPU
		{7DE971D9-ECA3-442B-BE92-AAB2E0271AD9}.Release|Any CPU.ActiveCfg = Release|Any CPU
		{7DE971D9-ECA3-442B-BE92-AAB2E0271AD9}.Release|Any CPU.Build.0 = Release|Any CPU
	EndGlobalSection
	GlobalSection(SolutionProperties) = preSolution
		HideSolutionNode = FALSE
	EndGlobalSection
	GlobalSection(ExtensibilityGlobals) = postSolution
		SolutionGuid = {D7245911-002B-4E46-8559-E5F144FF1D1E}
	EndGlobalSection
EndGlobal
